
Microsoft Visual Studio Solution File, Format Version 12.00
# Visual Studio Version 16
VisualStudioVersion = 16.0.29613.14
MinimumVisualStudioVersion = 10.0.40219.1
Project("{9A19103F-16F7-4668-BE54-9A1E7A4F7556}") = "Emart.SellerService", "Emart.SellerService\Emart.SellerService.csproj", "{6C9AA832-A9BB-4CA7-AD46-F37FBD99CD7E}"
EndProject
Project("{9A19103F-16F7-4668-BE54-9A1E7A4F7556}") = "Emart.GateWay", "Emart.GateWay\Emart.GateWay.csproj", "{E366C68B-0697-409B-B792-7E4E0F75E57F}"
EndProject
Project("{9A19103F-16F7-4668-BE54-9A1E7A4F7556}") = "Emart.AccountService", "Emart.AccountService\Emart.AccountService.csproj", "{558A3BAA-E940-4CC4-A126-8BBE24A2D49D}"
EndProject
Project("{9A19103F-16F7-4668-BE54-9A1E7A4F7556}") = "Emart.BuyerService", "Emart.BuyerService\Emart.BuyerService.csproj", "{31754538-2ACF-4964-84D4-6C0A0A818ACA}"
EndProject
Project("{9A19103F-16F7-4668-BE54-9A1E7A4F7556}") = "Emart.AdminService", "Emart.AdminService\Emart.AdminService.csproj", "{AB3B3BCA-B3C0-4881-A59B-245D8D4E0765}"
EndProject
Project("{FAE04EC0-301F-11D3-BF4B-00C04F79EFBC}") = "Emart.Test", "Emart.Test\Emart.Test.csproj", "{E3EF408F-B5FB-4628-A12A-41BB20EBA101}"
EndProject
Global
	GlobalSection(SolutionConfigurationPlatforms) = preSolution
		Debug|Any CPU = Debug|Any CPU
		Release|Any CPU = Release|Any CPU
	EndGlobalSection
	GlobalSection(ProjectConfigurationPlatforms) = postSolution
		{6C9AA832-A9BB-4CA7-AD46-F37FBD99CD7E}.Debug|Any CPU.ActiveCfg = Debug|Any CPU
		{6C9AA832-A9BB-4CA7-AD46-F37FBD99CD7E}.Debug|Any CPU.Build.0 = Debug|Any CPU
		{6C9AA832-A9BB-4CA7-AD46-F37FBD99CD7E}.Release|Any CPU.ActiveCfg = Release|Any CPU
		{6C9AA832-A9BB-4CA7-AD46-F37FBD99CD7E}.Release|Any CPU.Build.0 = Release|Any CPU
		{E366C68B-0697-409B-B792-7E4E0F75E57F}.Debug|Any CPU.ActiveCfg = Debug|Any CPU
		{E366C68B-0697-409B-B792-7E4E0F75E57F}.Debug|Any CPU.Build.0 = Debug|Any CPU
		{E366C68B-0697-409B-B792-7E4E0F75E57F}.Release|Any CPU.ActiveCfg = Release|Any CPU
		{E366C68B-0697-409B-B792-7E4E0F75E57F}.Release|Any CPU.Build.0 = Release|Any CPU
		{558A3BAA-E940-4CC4-A126-8BBE24A2D49D}.Debug|Any CPU.ActiveCfg = Debug|Any CPU
		{558A3BAA-E940-4CC4-A126-8BBE24A2D49D}.Debug|Any CPU.Build.0 = Debug|Any CPU
		{558A3BAA-E940-4CC4-A126-8BBE24A2D49D}.Release|Any CPU.ActiveCfg = Release|Any CPU
		{558A3BAA-E940-4CC4-A126-8BBE24A2D49D}.Release|Any CPU.Build.0 = Release|Any CPU
		{31754538-2ACF-4964-84D4-6C0A0A818ACA}.Debug|Any CPU.ActiveCfg = Debug|Any CPU
		{31754538-2ACF-4964-84D4-6C0A0A818ACA}.Debug|Any CPU.Build.0 = Debug|Any CPU
		{31754538-2ACF-4964-84D4-6C0A0A818ACA}.Release|Any CPU.ActiveCfg = Release|Any CPU
		{31754538-2ACF-4964-84D4-6C0A0A818ACA}.Release|Any CPU.Build.0 = Release|Any CPU
		{AB3B3BCA-B3C0-4881-A59B-245D8D4E0765}.Debug|Any CPU.ActiveCfg = Debug|Any CPU
		{AB3B3BCA-B3C0-4881-A59B-245D8D4E0765}.Debug|Any CPU.Build.0 = Debug|Any CPU
		{AB3B3BCA-B3C0-4881-A59B-245D8D4E0765}.Release|Any CPU.ActiveCfg = Release|Any CPU
		{AB3B3BCA-B3C0-4881-A59B-245D8D4E0765}.Release|Any CPU.Build.0 = Release|Any CPU
		{E3EF408F-B5FB-4628-A12A-41BB20EBA101}.Debug|Any CPU.ActiveCfg = Debug|Any CPU
		{E3EF408F-B5FB-4628-A12A-41BB20EBA101}.Debug|Any CPU.Build.0 = Debug|Any CPU
		{E3EF408F-B5FB-4628-A12A-41BB20EBA101}.Release|Any CPU.ActiveCfg = Release|Any CPU
		{E3EF408F-B5FB-4628-A12A-41BB20EBA101}.Release|Any CPU.Build.0 = Release|Any CPU
	EndGlobalSection
	GlobalSection(SolutionProperties) = preSolution
		HideSolutionNode = FALSE
	EndGlobalSection
	GlobalSection(ExtensibilityGlobals) = postSolution
		SolutionGuid = {46E0FCF2-2C50-4DBB-BEC0-7D9F65B0DC75}
	EndGlobalSection
EndGlobal
